<?xml version="1.0" encoding="utf-8"?>
<Project ToolsVersion="4.0" xmlns="http://schemas.microsoft.com/developer/msbuild/2003">
  <ItemGroup>
    <ClCompile Include="main.cpp" />
    <ClCompile Include="mLibSource.cpp" />
    <ClCompile Include="vizzer.cpp" />
    <ClCompile Include="modeView2D.cpp">
      <Filter>modes</Filter>
    </ClCompile>
    <ClCompile Include="modeView3D.cpp">
      <Filter>modes</Filter>
    </ClCompile>
    <ClCompile Include="assetRenderer.cpp" />
    <ClCompile Include="eventMap.cpp" />
    <ClCompile Include="..\stereoAnalysis\stereoFrame.cpp">
      <Filter>stereoAnalysis</Filter>
    </ClCompile>
  </ItemGroup>
  <ItemGroup>
    <ClInclude Include="main.h" />
    <ClInclude Include="mLibInclude.h" />
    <ClInclude Include="vizzer.h" />
    <ClInclude Include="appState.h" />
    <ClInclude Include="modeView2D.h">
      <Filter>modes</Filter>
    </ClInclude>
    <ClInclude Include="modeView3D.h">
      <Filter>modes</Filter>
    </ClInclude>
    <ClInclude Include="assetRenderer.h" />
    <ClInclude Include="eventMap.h" />
    <ClInclude Include="stereoParams.h" />
    <ClInclude Include="..\stereoAnalysis\stereoFrame.h">
      <Filter>stereoAnalysis</Filter>
    </ClInclude>
  </ItemGroup>
  <ItemGroup>
    <Filter Include="modes">
      <UniqueIdentifier>{45a63404-da68-426f-83d0-2a8c61b9fa3f}</UniqueIdentifier>
    </Filter>
    <Filter Include="shaders">
      <UniqueIdentifier>{9b7a56e2-48c2-44e3-a202-af9f4080303b}</UniqueIdentifier>
    </Filter>
    <Filter Include="stereoAnalysis">
      <UniqueIdentifier>{b9670662-2bdf-49ac-84ae-cfc0a28c5e25}</UniqueIdentifier>
    </Filter>
  </ItemGroup>
  <ItemGroup>
    <None Include="..\shaders\modelRendererColor.shader">
      <Filter>shaders</Filter>
    </None>
    <None Include="..\shaders\modelRendererTexture.shader">
      <Filter>shaders</Filter>
    </None>
  </ItemGroup>
  <ItemGroup>
    <Text Include="..\params.txt" />
  </ItemGroup>
</Project>